
Microsoft Visual Studio Solution File, Format Version 12.00
# Visual Studio Version 17
VisualStudioVersion = 17.6.33801.468
MinimumVisualStudioVersion = 10.0.40219.1
Project("{9A19103F-16F7-4668-BE54-9A1E7A4F7556}") = "anamportalboletas", "anamportalboletas\anamportalboletas.csproj", "{BD63ACC1-F86D-4BC7-BD07-FAE87979BD3C}"
EndProject
Global
	GlobalSection(SolutionConfigurationPlatforms) = preSolution
		Debug|Any CPU = Debug|Any CPU
		Release|Any CPU = Release|Any CPU
	EndGlobalSection
	GlobalSection(ProjectConfigurationPlatforms) = postSolution
		{BD63ACC1-F86D-4BC7-BD07-FAE87979BD3C}.Debug|Any CPU.ActiveCfg = Debug|Any CPU
		{BD63ACC1-F86D-4BC7-BD07-FAE87979BD3C}.Debug|Any CPU.Build.0 = Debug|Any CPU
		{BD63ACC1-F86D-4BC7-BD07-FAE87979BD3C}.Release|Any CPU.ActiveCfg = Release|Any CPU
		{BD63ACC1-F86D-4BC7-BD07-FAE87979BD3C}.Release|Any CPU.Build.0 = Release|Any CPU
	EndGlobalSection
	GlobalSection(SolutionProperties) = preSolution
		HideSolutionNode = FALSE
	EndGlobalSection
	GlobalSection(ExtensibilityGlobals) = postSolution
		SolutionGuid = {039081CA-1943-4166-981C-3BEF5EBC6202}
	EndGlobalSection
EndGlobal
