
Microsoft Visual Studio Solution File, Format Version 12.00
# Visual Studio Version 17
VisualStudioVersion = 17.6.33801.468
MinimumVisualStudioVersion = 10.0.40219.1
Project("{9A19103F-16F7-4668-BE54-9A1E7A4F7556}") = "WpfXml", "WpfXml\WpfXml.csproj", "{3BC2C6E0-A572-4FCE-9C67-2BE9709550E8}"
EndProject
Project("{FAE04EC0-301F-11D3-BF4B-00C04F79EFBC}") = "validacert", "validacert\validacert.csproj", "{283785B6-E9BA-420D-80CD-3A4BEF4C0802}"
EndProject
Global
	GlobalSection(SolutionConfigurationPlatforms) = preSolution
		Debug|Any CPU = Debug|Any CPU
		Release|Any CPU = Release|Any CPU
	EndGlobalSection
	GlobalSection(ProjectConfigurationPlatforms) = postSolution
		{3BC2C6E0-A572-4FCE-9C67-2BE9709550E8}.Debug|Any CPU.ActiveCfg = Debug|Any CPU
		{3BC2C6E0-A572-4FCE-9C67-2BE9709550E8}.Debug|Any CPU.Build.0 = Debug|Any CPU
		{3BC2C6E0-A572-4FCE-9C67-2BE9709550E8}.Release|Any CPU.ActiveCfg = Release|Any CPU
		{3BC2C6E0-A572-4FCE-9C67-2BE9709550E8}.Release|Any CPU.Build.0 = Release|Any CPU
		{283785B6-E9BA-420D-80CD-3A4BEF4C0802}.Debug|Any CPU.ActiveCfg = Debug|Any CPU
		{283785B6-E9BA-420D-80CD-3A4BEF4C0802}.Debug|Any CPU.Build.0 = Debug|Any CPU
		{283785B6-E9BA-420D-80CD-3A4BEF4C0802}.Release|Any CPU.ActiveCfg = Release|Any CPU
		{283785B6-E9BA-420D-80CD-3A4BEF4C0802}.Release|Any CPU.Build.0 = Release|Any CPU
	EndGlobalSection
	GlobalSection(SolutionProperties) = preSolution
		HideSolutionNode = FALSE
	EndGlobalSection
	GlobalSection(ExtensibilityGlobals) = postSolution
		SolutionGuid = {78DFBAB6-C0A6-4EEA-A305-292F72549866}
	EndGlobalSection
EndGlobal
